github.com/aws/aws-sdk-go-v2 v1.22.1 h1:sjnni/AuoTXxHitsIdT0FwmqUuNUuHtufcVDErVFT9U=
github.com/aws/aws-sdk-go-v2 v1.22.1/go.mod h1:Kd0OJtkW3Q0M0lUWGszapWjEvrXDzRW+D21JNsroB+c=
github.com/aws/aws-sdk-go-v2/config v1.20.0 h1:q2+/mqFhY0J9m3Tb5RGFE3R4sdaUkIe4k2EuDfE3c08=
github.com/aws/aws-sdk-go-v2/config v1.20.0/go.mod h1:7+1riCZXyT+sAGvneR5j+Zl1GyfbBUNQurpQTE6FP6k=
github.com/aws/aws-sdk-go-v2/credentials v1.14.0 h1:LQquqPE7cL55RQmA/UBoBKehDlEtMnQKm3B0Q672ePE=
github.com/aws/aws-sdk-go-v2/credentials v1.14.0/go.mod h1:q/3oaTPlamrQWHPwJe56Mjq9g1TYDgddvgTgWJtHTmE=
github.com/aws/aws-sdk-go-v2/feature/ec2/imds v1.14.0 h1:lF/cVllNAPKgjDwN2RsQUX9g/f6hXer9f10ubLFSoug=
github.com/aws/aws-sdk-go-v2/feature/ec2/imds v1.14.0/go.mod h1:c28nJNzMVVb9TQpZ5q4tzZvwEJwf/7So7Ie2s90l1Fw=
github.com/aws/aws-sdk-go-v2/internal/configsources v1.2.1 h1:fi1ga6WysOyYb5PAf3Exd6B5GiSNpnZim4h1rhlBqx0=
github.com/aws/aws-sdk-go-v2/internal/configsources v1.2.1/go.mod h1:V5CY8wNurvPUibTi9mwqUqpiFZ5LnioKWIFUDtIzdI8=
github.com/aws/aws-sdk-go-v2/internal/endpoints/v2 v2.5.1 h1:ZpaV/j48RlPc4AmOZuPv22pJliXjXq8/reL63YzyFnw=
github.com/aws/aws-sdk-go-v2/internal/endpoints/v2 v2.5.1/go.mod h1:R8aXraabD2e3qv1csxM14/X9WF4wFMIY0kH4YEtYD5M=
github.com/aws/aws-sdk-go-v2/internal/ini v1.4.0 h1:21tlTXq3ev10yLMAjXZzpkZbrl49h3ElSjmxD57tD/E=
github.com/aws/aws-sdk-go-v2/internal/ini v1.4.0/go.mod h1:d9YrBHJhyzDCv5UsEVRizHlFV6Q0sLemFq6uxuqWfUw=
github.com/aws/aws-sdk-go-v2/service/internal/presigned-url v1.10.1 h1:2OXw3ppu1XsB6rqKEMV4tnecTjIY3PRV2U6IP6KPJQo=
github.com/aws/aws-sdk-go-v2/service/internal/presigned-url v1.10.1/go.mod h1:FZB4AdakIqW/yERVdGJA6Z9jraax1beXfhBBnK2wwR8=
github.com/aws/aws-sdk-go-v2/service/sso v1.16.0 h1:ZIlR6Wr/EgYwBdEz1NWBqdUsTh0mV7A68pId3YZl6H0=
github.com/aws/aws-sdk-go-v2/service/sso v1.16.0/go.mod h1:O7B5cpuhhJKefAKkM7onb0McmpHyKnsH4RrHJhOyq7M=
github.com/aws/aws-sdk-go-v2/service/ssooidc v1.18.0 h1:3BZyJei4k1SHdSAFhg9Qg15NnG3v5zosZyFWPm7df/A=
github.com/aws/aws-sdk-go-v2/service/ssooidc v1.18.0/go.mod h1:Td8EvzggonY02wLaqSpwybI3GbmA0PWoprKGil2uwJg=
github.com/aws/aws-sdk-go-v2/service/sts v1.25.0 h1:sYIFy8tm1xQwRvVQ4CRuBGXKIg9sHNuG6+3UAQuoujk=
github.com/aws/aws-sdk-go-v2/service/sts v1.25.0/go.mod h1:S/LOQUeYDfJeJpFCIJDMjy7dwL4aA33HUdVi+i7uH8k=
github.com/aws/smithy-go v1.16.0 h1:gJZEH/Fqh+RsvlJ1Zt4tVAtV6bKkp3cC+R6FCZMNzik=
github.com/aws/smithy-go v1.16.0/go.mod h1:NukqUGpCZIILqqiV0NIjeFh24kd/FAa4beRb6nbIUPE=
github.com/google/go-cmp v0.5.8 h1:e6P7q2lk1O+qJJb4BtCQXlK8vWEO8V1ZeuEdJNOqZyg=
github.com/google/go-cmp v0.5.8/go.mod h1:17dUlkBOakJ0+DkrSSNjCkIjxS6bF9zb3elmeNGIjoY=
